// !$*UTF8*$!
{
	archiveVersion = 1;
	classes = {
	};
	objectVersion = 48;
	objects = {

/* Begin PBXBuildFile section */
		0A6888AC207AEE2B00BBA29F /* AppDelegate.swift in Sources */ = {isa = PBXBuildFile; fileRef = 0A6888AB207AEE2B00BBA29F /* AppDelegate.swift */; };
		0A6888B3207AEE2B00BBA29F /* Assets.xcassets in Resources */ = {isa = PBXBuildFile; fileRef = 0A6888B2207AEE2B00BBA29F /* Assets.xcassets */; };
		0A6888C1207AEE2B00BBA29F /* Spotify_iOS_Swift_FutureTests.swift in Sources */ = {isa = PBXBuildFile; fileRef = 0A6888C0207AEE2B00BBA29F /* Spotify_iOS_Swift_FutureTests.swift */; };
		0A6888D3207AEEC900BBA29F /* SpotifyAudioPlayback.framework in Frameworks */ = {isa = PBXBuildFile; fileRef = 0A6888D0207AEEC800BBA29F /* SpotifyAudioPlayback.framework */; };
		0A6888D4207AEEC900BBA29F /* SpotifyAuthentication.framework in Frameworks */ = {isa = PBXBuildFile; fileRef = 0A6888D1207AEEC900BBA29F /* SpotifyAuthentication.framework */; };
		0A6888D5207AEEC900BBA29F /* SpotifyMetadata.framework in Frameworks */ = {isa = PBXBuildFile; fileRef = 0A6888D2207AEEC900BBA29F /* SpotifyMetadata.framework */; };
		0A6888DD207AF13A00BBA29F /* SpotifyMusicPlayer.swift in Sources */ = {isa = PBXBuildFile; fileRef = 0A6888DC207AF13A00BBA29F /* SpotifyMusicPlayer.swift */; };
		0A6888E1207AF15900BBA29F /* PlayerViewController.swift in Sources */ = {isa = PBXBuildFile; fileRef = 0A6888E0207AF15900BBA29F /* PlayerViewController.swift */; };
		0A6888E3207AF16D00BBA29F /* WebViewController.swift in Sources */ = {isa = PBXBuildFile; fileRef = 0A6888E2207AF16C00BBA29F /* WebViewController.swift */; };
		0A6888E5207AF17C00BBA29F /* LoginViewController.swift in Sources */ = {isa = PBXBuildFile; fileRef = 0A6888E4207AF17C00BBA29F /* LoginViewController.swift */; };
		0A6888EA207AF57C00BBA29F /* LaunchScreen.storyboard in Resources */ = {isa = PBXBuildFile; fileRef = 0A6888B4207AEE2B00BBA29F /* LaunchScreen.storyboard */; };
		0A6888EC207AF59F00BBA29F /* Main.storyboard in Resources */ = {isa = PBXBuildFile; fileRef = 0A6888EB207AF59F00BBA29F /* Main.storyboard */; };
		0AD9F20820828632007BEDBD /* TrackPosition.swift in Sources */ = {isa = PBXBuildFile; fileRef = 0AD9F20720828632007BEDBD /* TrackPosition.swift */; };
		52A79EFB211E199D00902C32 /* Secrets.swift in Sources */ = {isa = PBXBuildFile; fileRef = 52A79EFA211E199D00902C32 /* Secrets.swift */; };
		52A79EFE211E1B1400902C32 /* AVAudioSession+Activate.swift in Sources */ = {isa = PBXBuildFile; fileRef = 52A79EFD211E1B1400902C32 /* AVAudioSession+Activate.swift */; };
		52A79F00211E1B2400902C32 /* Double+MinutesSeconds.swift in Sources */ = {isa = PBXBuildFile; fileRef = 52A79EFF211E1B2400902C32 /* Double+MinutesSeconds.swift */; };
		52A79F02211E1C2900902C32 /* NotificationCenter+TypeSafe.swift in Sources */ = {isa = PBXBuildFile; fileRef = 52A79F01211E1C2900902C32 /* NotificationCenter+TypeSafe.swift */; };
		52A79F04211E1C4800902C32 /* Notifications+Names.swift in Sources */ = {isa = PBXBuildFile; fileRef = 52A79F03211E1C4800902C32 /* Notifications+Names.swift */; };
		52A79F06211E21E000902C32 /* URL+LoadImage.swift in Sources */ = {isa = PBXBuildFile; fileRef = 52A79F05211E21E000902C32 /* URL+LoadImage.swift */; };
/* End PBXBuildFile section */

/* Begin PBXContainerItemProxy section */
		0A6888BD207AEE2B00BBA29F /* PBXContainerItemProxy */ = {
			isa = PBXContainerItemProxy;
			containerPortal = 0A6888A0207AEE2B00BBA29F /* Project object */;
			proxyType = 1;
			remoteGlobalIDString = 0A6888A7207AEE2B00BBA29F;
			remoteInfo = "Spotify-iOS-Swift-Future";
		};
/* End PBXContainerItemProxy section */

/* Begin PBXFileReference section */
		0A6888A8207AEE2B00BBA29F /* Spotify-iOS-Swift-Future.app */ = {isa = PBXFileReference; explicitFileType = wrapper.application; includeInIndex = 0; path = "Spotify-iOS-Swift-Future.app"; sourceTree = BUILT_PRODUCTS_DIR; };
		0A6888AB207AEE2B00BBA29F /* AppDelegate.swift */ = {isa = PBXFileReference; lastKnownFileType = sourcecode.swift; path = AppDelegate.swift; sourceTree = "<group>"; };
		0A6888B2207AEE2B00BBA29F /* Assets.xcassets */ = {isa = PBXFileReference; lastKnownFileType = folder.assetcatalog; path = Assets.xcassets; sourceTree = "<group>"; };
		0A6888B5207AEE2B00BBA29F /* Base */ = {isa = PBXFileReference; lastKnownFileType = file.storyboard; name = Base; path = Base.lproj/LaunchScreen.storyboard; sourceTree = "<group>"; };
		0A6888B7207AEE2B00BBA29F /* Info.plist */ = {isa = PBXFileReference; lastKnownFileType = text.plist.xml; path = Info.plist; sourceTree = "<group>"; };
		0A6888BC207AEE2B00BBA29F /* Spotify-iOS-Swift-FutureTests.xctest */ = {isa = PBXFileReference; explicitFileType = wrapper.cfbundle; includeInIndex = 0; path = "Spotify-iOS-Swift-FutureTests.xctest"; sourceTree = BUILT_PRODUCTS_DIR; };
		0A6888C0207AEE2B00BBA29F /* Spotify_iOS_Swift_FutureTests.swift */ = {isa = PBXFileReference; lastKnownFileType = sourcecode.swift; path = Spotify_iOS_Swift_FutureTests.swift; sourceTree = "<group>"; };
		0A6888C2207AEE2B00BBA29F /* Info.plist */ = {isa = PBXFileReference; lastKnownFileType = text.plist.xml; path = Info.plist; sourceTree = "<group>"; };
		0A6888D0207AEEC800BBA29F /* SpotifyAudioPlayback.framework */ = {isa = PBXFileReference; lastKnownFileType = wrapper.framework; path = SpotifyAudioPlayback.framework; sourceTree = "<group>"; };
		0A6888D1207AEEC900BBA29F /* SpotifyAuthentication.framework */ = {isa = PBXFileReference; lastKnownFileType = wrapper.framework; path = SpotifyAuthentication.framework; sourceTree = "<group>"; };
		0A6888D2207AEEC900BBA29F /* SpotifyMetadata.framework */ = {isa = PBXFileReference; lastKnownFileType = wrapper.framework; path = SpotifyMetadata.framework; sourceTree = "<group>"; };
		0A6888D6207AEFDE00BBA29F /* Spotify-iOS-Swift-Future-Bridging-Header.h */ = {isa = PBXFileReference; lastKnownFileType = sourcecode.c.h; path = "Spotify-iOS-Swift-Future-Bridging-Header.h"; sourceTree = "<group>"; };
		0A6888D8207AF03C00BBA29F /* AVFoundation.framework */ = {isa = PBXFileReference; lastKnownFileType = wrapper.framework; name = AVFoundation.framework; path = System/Library/Frameworks/AVFoundation.framework; sourceTree = SDKROOT; };
		0A6888DA207AF04D00BBA29F /* SystemConfiguration.framework */ = {isa = PBXFileReference; lastKnownFileType = wrapper.framework; name = SystemConfiguration.framework; path = System/Library/Frameworks/SystemConfiguration.framework; sourceTree = SDKROOT; };
		0A6888DC207AF13A00BBA29F /* SpotifyMusicPlayer.swift */ = {isa = PBXFileReference; lastKnownFileType = sourcecode.swift; path = SpotifyMusicPlayer.swift; sourceTree = "<group>"; };
		0A6888E0207AF15900BBA29F /* PlayerViewController.swift */ = {isa = PBXFileReference; lastKnownFileType = sourcecode.swift; path = PlayerViewController.swift; sourceTree = "<group>"; };
		0A6888E2207AF16C00BBA29F /* WebViewController.swift */ = {isa = PBXFileReference; lastKnownFileType = sourcecode.swift; path = WebViewController.swift; sourceTree = "<group>"; };
		0A6888E4207AF17C00BBA29F /* LoginViewController.swift */ = {isa = PBXFileReference; lastKnownFileType = sourcecode.swift; path = LoginViewController.swift; sourceTree = "<group>"; };
		0A6888EB207AF59F00BBA29F /* Main.storyboard */ = {isa = PBXFileReference; fileEncoding = 4; lastKnownFileType = file.storyboard; path = Main.storyboard; sourceTree = "<group>"; };
		0AD9F20720828632007BEDBD /* TrackPosition.swift */ = {isa = PBXFileReference; lastKnownFileType = sourcecode.swift; path = TrackPosition.swift; sourceTree = "<group>"; };
		52A79EFA211E199D00902C32 /* Secrets.swift */ = {isa = PBXFileReference; lastKnownFileType = sourcecode.swift; path = Secrets.swift; sourceTree = "<group>"; };
		52A79EFD211E1B1400902C32 /* AVAudioSession+Activate.swift */ = {isa = PBXFileReference; lastKnownFileType = sourcecode.swift; path = "AVAudioSession+Activate.swift"; sourceTree = "<group>"; };
		52A79EFF211E1B2400902C32 /* Double+MinutesSeconds.swift */ = {isa = PBXFileReference; lastKnownFileType = sourcecode.swift; path = "Double+MinutesSeconds.swift"; sourceTree = "<group>"; };
		52A79F01211E1C2900902C32 /* NotificationCenter+TypeSafe.swift */ = {isa = PBXFileReference; lastKnownFileType = sourcecode.swift; path = "NotificationCenter+TypeSafe.swift"; sourceTree = "<group>"; };
		52A79F03211E1C4800902C32 /* Notifications+Names.swift */ = {isa = PBXFileReference; lastKnownFileType = sourcecode.swift; path = "Notifications+Names.swift"; sourceTree = "<group>"; };
		52A79F05211E21E000902C32 /* URL+LoadImage.swift */ = {isa = PBXFileReference; lastKnownFileType = sourcecode.swift; path = "URL+LoadImage.swift"; sourceTree = "<group>"; };
/* End PBXFileReference section */

/* Begin PBXFrameworksBuildPhase section */
		0A6888A5207AEE2B00BBA29F /* Frameworks */ = {
			isa = PBXFrameworksBuildPhase;
			buildActionMask = 2147483647;
			files = (
				0A6888D3207AEEC900BBA29F /* SpotifyAudioPlayback.framework in Frameworks */,
				0A6888D5207AEEC900BBA29F /* SpotifyMetadata.framework in Frameworks */,
				0A6888D4207AEEC900BBA29F /* SpotifyAuthentication.framework in Frameworks */,
			);
			runOnlyForDeploymentPostprocessing = 0;
		};
		0A6888B9207AEE2B00BBA29F /* Frameworks */ = {
			isa = PBXFrameworksBuildPhase;
			buildActionMask = 2147483647;
			files = (
			);
			runOnlyForDeploymentPostprocessing = 0;
		};
/* End PBXFrameworksBuildPhase section */

/* Begin PBXGroup section */
		0A68889F207AEE2B00BBA29F = {
			isa = PBXGroup;
			children = (
				0A6888D6207AEFDE00BBA29F /* Spotify-iOS-Swift-Future-Bridging-Header.h */,
				0A6888AA207AEE2B00BBA29F /* Spotify-iOS-Swift-Future */,
				0A6888BF207AEE2B00BBA29F /* Spotify-iOS-Swift-FutureTests */,
				0A6888A9207AEE2B00BBA29F /* Products */,
				0A6888D7207AF03C00BBA29F /* Frameworks */,
			);
			sourceTree = "<group>";
		};
		0A6888A9207AEE2B00BBA29F /* Products */ = {
			isa = PBXGroup;
			children = (
				0A6888A8207AEE2B00BBA29F /* Spotify-iOS-Swift-Future.app */,
				0A6888BC207AEE2B00BBA29F /* Spotify-iOS-Swift-FutureTests.xctest */,
			);
			name = Products;
			sourceTree = "<group>";
		};
		0A6888AA207AEE2B00BBA29F /* Spotify-iOS-Swift-Future */ = {
			isa = PBXGroup;
			children = (
				0A6888CF207AEEAF00BBA29F /* Controllers */,
				0A6888CB207AEE7400BBA29F /* Frameworks */,
				0A6888CC207AEE7E00BBA29F /* Spotify Player */,
				0A6888CD207AEE8F00BBA29F /* Storyboards */,
				0A6888CE207AEEA000BBA29F /* Supporting Files */,
				52A79EFC211E1AA800902C32 /* Utility */,
			);
			path = "Spotify-iOS-Swift-Future";
			sourceTree = "<group>";
		};
		0A6888BF207AEE2B00BBA29F /* Spotify-iOS-Swift-FutureTests */ = {
			isa = PBXGroup;
			children = (
				0A6888C0207AEE2B00BBA29F /* Spotify_iOS_Swift_FutureTests.swift */,
				0A6888C2207AEE2B00BBA29F /* Info.plist */,
			);
			path = "Spotify-iOS-Swift-FutureTests";
			sourceTree = "<group>";
		};
		0A6888CB207AEE7400BBA29F /* Frameworks */ = {
			isa = PBXGroup;
			children = (
				0A6888D0207AEEC800BBA29F /* SpotifyAudioPlayback.framework */,
				0A6888D1207AEEC900BBA29F /* SpotifyAuthentication.framework */,
				0A6888D2207AEEC900BBA29F /* SpotifyMetadata.framework */,
			);
			path = Frameworks;
			sourceTree = "<group>";
		};
		0A6888CC207AEE7E00BBA29F /* Spotify Player */ = {
			isa = PBXGroup;
			children = (
				0A6888DC207AF13A00BBA29F /* SpotifyMusicPlayer.swift */,
			);
			path = "Spotify Player";
			sourceTree = "<group>";
		};
		0A6888CD207AEE8F00BBA29F /* Storyboards */ = {
			isa = PBXGroup;
			children = (
				0A6888EB207AF59F00BBA29F /* Main.storyboard */,
				0A6888B4207AEE2B00BBA29F /* LaunchScreen.storyboard */,
			);
			path = Storyboards;
			sourceTree = "<group>";
		};
		0A6888CE207AEEA000BBA29F /* Supporting Files */ = {
			isa = PBXGroup;
			children = (
				0A6888AB207AEE2B00BBA29F /* AppDelegate.swift */,
				0A6888B2207AEE2B00BBA29F /* Assets.xcassets */,
				0A6888B7207AEE2B00BBA29F /* Info.plist */,
			);
			path = "Supporting Files";
			sourceTree = "<group>";
		};
		0A6888CF207AEEAF00BBA29F /* Controllers */ = {
			isa = PBXGroup;
			children = (
				0A6888E4207AF17C00BBA29F /* LoginViewController.swift */,
				0A6888E0207AF15900BBA29F /* PlayerViewController.swift */,
				0A6888E2207AF16C00BBA29F /* WebViewController.swift */,
			);
			path = Controllers;
			sourceTree = "<group>";
		};
		0A6888D7207AF03C00BBA29F /* Frameworks */ = {
			isa = PBXGroup;
			children = (
				0A6888DA207AF04D00BBA29F /* SystemConfiguration.framework */,
				0A6888D8207AF03C00BBA29F /* AVFoundation.framework */,
			);
			name = Frameworks;
			sourceTree = "<group>";
		};
		52A79EFC211E1AA800902C32 /* Utility */ = {
			isa = PBXGroup;
			children = (
				52A79EFD211E1B1400902C32 /* AVAudioSession+Activate.swift */,
				52A79EFF211E1B2400902C32 /* Double+MinutesSeconds.swift */,
				52A79F01211E1C2900902C32 /* NotificationCenter+TypeSafe.swift */,
				52A79F03211E1C4800902C32 /* Notifications+Names.swift */,
				52A79EFA211E199D00902C32 /* Secrets.swift */,
				0AD9F20720828632007BEDBD /* TrackPosition.swift */,
				52A79F05211E21E000902C32 /* URL+LoadImage.swift */,
			);
			path = Utility;
			sourceTree = "<group>";
		};
/* End PBXGroup section */

/* Begin PBXNativeTarget section */
		0A6888A7207AEE2B00BBA29F /* Spotify-iOS-Swift-Future */ = {
			isa = PBXNativeTarget;
			buildConfigurationList = 0A6888C5207AEE2B00BBA29F /* Build configuration list for PBXNativeTarget "Spotify-iOS-Swift-Future" */;
			buildPhases = (
				0A6888A4207AEE2B00BBA29F /* Sources */,
				0A6888A5207AEE2B00BBA29F /* Frameworks */,
				0A6888A6207AEE2B00BBA29F /* Resources */,
			);
			buildRules = (
			);
			dependencies = (
			);
			name = "Spotify-iOS-Swift-Future";
			productName = "Spotify-iOS-Swift-Future";
			productReference = 0A6888A8207AEE2B00BBA29F /* Spotify-iOS-Swift-Future.app */;
			productType = "com.apple.product-type.application";
		};
		0A6888BB207AEE2B00BBA29F /* Spotify-iOS-Swift-FutureTests */ = {
			isa = PBXNativeTarget;
			buildConfigurationList = 0A6888C8207AEE2B00BBA29F /* Build configuration list for PBXNativeTarget "Spotify-iOS-Swift-FutureTests" */;
			buildPhases = (
				0A6888B8207AEE2B00BBA29F /* Sources */,
				0A6888B9207AEE2B00BBA29F /* Frameworks */,
				0A6888BA207AEE2B00BBA29F /* Resources */,
			);
			buildRules = (
			);
			dependencies = (
				0A6888BE207AEE2B00BBA29F /* PBXTargetDependency */,
			);
			name = "Spotify-iOS-Swift-FutureTests";
			productName = "Spotify-iOS-Swift-FutureTests";
			productReference = 0A6888BC207AEE2B00BBA29F /* Spotify-iOS-Swift-FutureTests.xctest */;
			productType = "com.apple.product-type.bundle.unit-test";
		};
/* End PBXNativeTarget section */

/* Begin PBXProject section */
		0A6888A0207AEE2B00BBA29F /* Project object */ = {
			isa = PBXProject;
			attributes = {
				LastSwiftUpdateCheck = 0920;
				LastUpgradeCheck = 0940;
				ORGANIZATIONNAME = FFR;
				TargetAttributes = {
					0A6888A7207AEE2B00BBA29F = {
						CreatedOnToolsVersion = 9.2;
						ProvisioningStyle = Automatic;
						SystemCapabilities = {
							com.apple.BackgroundModes = {
								enabled = 1;
							};
						};
					};
					0A6888BB207AEE2B00BBA29F = {
						CreatedOnToolsVersion = 9.2;
						ProvisioningStyle = Automatic;
						TestTargetID = 0A6888A7207AEE2B00BBA29F;
					};
				};
			};
			buildConfigurationList = 0A6888A3207AEE2B00BBA29F /* Build configuration list for PBXProject "Spotify-iOS-Swift-Future" */;
			compatibilityVersion = "Xcode 8.0";
			developmentRegion = en;
			hasScannedForEncodings = 0;
			knownRegions = (
				en,
				Base,
			);
			mainGroup = 0A68889F207AEE2B00BBA29F;
			productRefGroup = 0A6888A9207AEE2B00BBA29F /* Products */;
			projectDirPath = "";
			projectRoot = "";
			targets = (
				0A6888A7207AEE2B00BBA29F /* Spotify-iOS-Swift-Future */,
				0A6888BB207AEE2B00BBA29F /* Spotify-iOS-Swift-FutureTests */,
			);
		};
/* End PBXProject section */

/* Begin PBXResourcesBuildPhase section */
		0A6888A6207AEE2B00BBA29F /* Resources */ = {
			isa = PBXResourcesBuildPhase;
			buildActionMask = 2147483647;
			files = (
				0A6888EC207AF59F00BBA29F /* Main.storyboard in Resources */,
				0A6888EA207AF57C00BBA29F /* LaunchScreen.storyboard in Resources */,
				0A6888B3207AEE2B00BBA29F /* Assets.xcassets in Resources */,
			);
			runOnlyForDeploymentPostprocessing = 0;
		};
		0A6888BA207AEE2B00BBA29F /* Resources */ = {
			isa = PBXResourcesBuildPhase;
			buildActionMask = 2147483647;
			files = (
			);
			runOnlyForDeploymentPostprocessing = 0;
		};
/* End PBXResourcesBuildPhase section */

/* Begin PBXSourcesBuildPhase section */
		0A6888A4207AEE2B00BBA29F /* Sources */ = {
			isa = PBXSourcesBuildPhase;
			buildActionMask = 2147483647;
			files = (
				0A6888E5207AF17C00BBA29F /* LoginViewController.swift in Sources */,
				52A79F04211E1C4800902C32 /* Notifications+Names.swift in Sources */,
				52A79EFB211E199D00902C32 /* Secrets.swift in Sources */,
				52A79F00211E1B2400902C32 /* Double+MinutesSeconds.swift in Sources */,
				0A6888E3207AF16D00BBA29F /* WebViewController.swift in Sources */,
				0A6888AC207AEE2B00BBA29F /* AppDelegate.swift in Sources */,
				52A79EFE211E1B1400902C32 /* AVAudioSession+Activate.swift in Sources */,
				52A79F06211E21E000902C32 /* URL+LoadImage.swift in Sources */,
				52A79F02211E1C2900902C32 /* NotificationCenter+TypeSafe.swift in Sources */,
				0A6888DD207AF13A00BBA29F /* SpotifyMusicPlayer.swift in Sources */,
				0A6888E1207AF15900BBA29F /* PlayerViewController.swift in Sources */,
				0AD9F20820828632007BEDBD /* TrackPosition.swift in Sources */,
			);
			runOnlyForDeploymentPostprocessing = 0;
		};
		0A6888B8207AEE2B00BBA29F /* Sources */ = {
			isa = PBXSourcesBuildPhase;
			buildActionMask = 2147483647;
			files = (
				0A6888C1207AEE2B00BBA29F /* Spotify_iOS_Swift_FutureTests.swift in Sources */,
			);
			runOnlyForDeploymentPostprocessing = 0;
		};
/* End PBXSourcesBuildPhase section */

/* Begin PBXTargetDependency section */
		0A6888BE207AEE2B00BBA29F /* PBXTargetDependency */ = {
			isa = PBXTargetDependency;
			target = 0A6888A7207AEE2B00BBA29F /* Spotify-iOS-Swift-Future */;
			targetProxy = 0A6888BD207AEE2B00BBA29F /* PBXContainerItemProxy */;
		};
/* End PBXTargetDependency section */

/* Begin PBXVariantGroup section */
		0A6888B4207AEE2B00BBA29F /* LaunchScreen.storyboard */ = {
			isa = PBXVariantGroup;
			children = (
				0A6888B5207AEE2B00BBA29F /* Base */,
			);
			name = LaunchScreen.storyboard;
			sourceTree = "<group>";
		};
/* End PBXVariantGroup section */

/* Begin XCBuildConfiguration section */
		0A6888C3207AEE2B00BBA29F /* Debug */ = {
			isa = XCBuildConfiguration;
			buildSettings = {
				ALWAYS_SEARCH_USER_PATHS = NO;
				CLANG_ANALYZER_NONNULL = YES;
				CLANG_ANALYZER_NUMBER_OBJECT_CONVERSION = YES_AGGRESSIVE;
				CLANG_CXX_LANGUAGE_STANDARD = "gnu++14";
				CLANG_CXX_LIBRARY = "libc++";
				CLANG_ENABLE_MODULES = YES;
				CLANG_ENABLE_OBJC_ARC = YES;
				CLANG_WARN_BLOCK_CAPTURE_AUTORELEASING = YES;
				CLANG_WARN_BOOL_CONVERSION = YES;
				CLANG_WARN_COMMA = YES;
				CLANG_WARN_CONSTANT_CONVERSION = YES;
				CLANG_WARN_DEPRECATED_OBJC_IMPLEMENTATIONS = YES;
				CLANG_WARN_DIRECT_OBJC_ISA_USAGE = YES_ERROR;
				CLANG_WARN_DOCUMENTATION_COMMENTS = YES;
				CLANG_WARN_EMPTY_BODY = YES;
				CLANG_WARN_ENUM_CONVERSION = YES;
				CLANG_WARN_INFINITE_RECURSION = YES;
				CLANG_WARN_INT_CONVERSION = YES;
				CLANG_WARN_NON_LITERAL_NULL_CONVERSION = YES;
				CLANG_WARN_OBJC_IMPLICIT_RETAIN_SELF = YES;
				CLANG_WARN_OBJC_LITERAL_CONVERSION = YES;
				CLANG_WARN_OBJC_ROOT_CLASS = YES_ERROR;
				CLANG_WARN_RANGE_LOOP_ANALYSIS = YES;
				CLANG_WARN_STRICT_PROTOTYPES = YES;
				CLANG_WARN_SUSPICIOUS_MOVE = YES;
				CLANG_WARN_UNGUARDED_AVAILABILITY = YES_AGGRESSIVE;
				CLANG_WARN_UNREACHABLE_CODE = YES;
				CLANG_WARN__DUPLICATE_METHOD_MATCH = YES;
				CODE_SIGN_IDENTITY = "iPhone Developer";
				COPY_PHASE_STRIP = NO;
				DEBUG_INFORMATION_FORMAT = dwarf;
				ENABLE_STRICT_OBJC_MSGSEND = YES;
				ENABLE_TESTABILITY = YES;
				GCC_C_LANGUAGE_STANDARD = gnu11;
				GCC_DYNAMIC_NO_PIC = NO;
				GCC_NO_COMMON_BLOCKS = YES;
				GCC_OPTIMIZATION_LEVEL = 0;
				GCC_PREPROCESSOR_DEFINITIONS = (
					"DEBUG=1",
					"$(inherited)",
				);
				GCC_WARN_64_TO_32_BIT_CONVERSION = YES;
				GCC_WARN_ABOUT_RETURN_TYPE = YES_ERROR;
				GCC_WARN_UNDECLARED_SELECTOR = YES;
				GCC_WARN_UNINITIALIZED_AUTOS = YES_AGGRESSIVE;
				GCC_WARN_UNUSED_FUNCTION = YES;
				GCC_WARN_UNUSED_VARIABLE = YES;
				IPHONEOS_DEPLOYMENT_TARGET = 11.2;
				MTL_ENABLE_DEBUG_INFO = YES;
				ONLY_ACTIVE_ARCH = YES;
				SDKROOT = iphoneos;
				SWIFT_ACTIVE_COMPILATION_CONDITIONS = DEBUG;
				SWIFT_OPTIMIZATION_LEVEL = "-Onone";
			};
			name = Debug;
		};
		0A6888C4207AEE2B00BBA29F /* Release */ = {
			isa = XCBuildConfiguration;
			buildSettings = {
				ALWAYS_SEARCH_USER_PATHS = NO;
				CLANG_ANALYZER_NONNULL = YES;
				CLANG_ANALYZER_NUMBER_OBJECT_CONVERSION = YES_AGGRESSIVE;
				CLANG_CXX_LANGUAGE_STANDARD = "gnu++14";
				CLANG_CXX_LIBRARY = "libc++";
				CLANG_ENABLE_MODULES = YES;
				CLANG_ENABLE_OBJC_ARC = YES;
				CLANG_WARN_BLOCK_CAPTURE_AUTORELEASING = YES;
				CLANG_WARN_BOOL_CONVERSION = YES;
				CLANG_WARN_COMMA = YES;
				CLANG_WARN_CONSTANT_CONVERSION = YES;
				CLANG_WARN_DEPRECATED_OBJC_IMPLEMENTATIONS = YES;
				CLANG_WARN_DIRECT_OBJC_ISA_USAGE = YES_ERROR;
				CLANG_WARN_DOCUMENTATION_COMMENTS = YES;
				CLANG_WARN_EMPTY_BODY = YES;
				CLANG_WARN_ENUM_CONVERSION = YES;
				CLANG_WARN_INFINITE_RECURSION = YES;
				CLANG_WARN_INT_CONVERSION = YES;
				CLANG_WARN_NON_LITERAL_NULL_CONVERSION = YES;
				CLANG_WARN_OBJC_IMPLICIT_RETAIN_SELF = YES;
				CLANG_WARN_OBJC_LITERAL_CONVERSION = YES;
				CLANG_WARN_OBJC_ROOT_CLASS = YES_ERROR;
				CLANG_WARN_RANGE_LOOP_ANALYSIS = YES;
				CLANG_WARN_STRICT_PROTOTYPES = YES;
				CLANG_WARN_SUSPICIOUS_MOVE = YES;
				CLANG_WARN_UNGUARDED_AVAILABILITY = YES_AGGRESSIVE;
				CLANG_WARN_UNREACHABLE_CODE = YES;
				CLANG_WARN__DUPLICATE_METHOD_MATCH = YES;
				CODE_SIGN_IDENTITY = "iPhone Developer";
				COPY_PHASE_STRIP = NO;
				DEBUG_INFORMATION_FORMAT = "dwarf-with-dsym";
				ENABLE_NS_ASSERTIONS = NO;
				ENABLE_STRICT_OBJC_MSGSEND = YES;
				GCC_C_LANGUAGE_STANDARD = gnu11;
				GCC_NO_COMMON_BLOCKS = YES;
				GCC_WARN_64_TO_32_BIT_CONVERSION = YES;
				GCC_WARN_ABOUT_RETURN_TYPE = YES_ERROR;
				GCC_WARN_UNDECLARED_SELECTOR = YES;
				GCC_WARN_UNINITIALIZED_AUTOS = YES_AGGRESSIVE;
				GCC_WARN_UNUSED_FUNCTION = YES;
				GCC_WARN_UNUSED_VARIABLE = YES;
				IPHONEOS_DEPLOYMENT_TARGET = 11.2;
				MTL_ENABLE_DEBUG_INFO = NO;
				SDKROOT = iphoneos;
				SWIFT_OPTIMIZATION_LEVEL = "-Owholemodule";
				VALIDATE_PRODUCT = YES;
			};
			name = Release;
		};
		0A6888C6207AEE2B00BBA29F /* Debug */ = {
			isa = XCBuildConfiguration;
			buildSettings = {
				ASSETCATALOG_COMPILER_APPICON_NAME = AppIcon;
				CODE_SIGN_STYLE = Automatic;
				DEVELOPMENT_TEAM = X6XFU66KA9;
				FRAMEWORK_SEARCH_PATHS = (
					"$(inherited)",
					"$(PROJECT_DIR)/Spotify-iOS-Swift-Future/Frameworks",
				);
				INFOPLIST_FILE = "Spotify-iOS-Swift-Future/Supporting Files/Info.plist";
				LD_RUNPATH_SEARCH_PATHS = "$(inherited) @executable_path/Frameworks";
				OTHER_LDFLAGS = "-ObjC";
				PRODUCT_BUNDLE_IDENTIFIER = com.onlyfuture;
				PRODUCT_NAME = "$(TARGET_NAME)";
				SWIFT_OBJC_BRIDGING_HEADER = "Spotify-iOS-Swift-Future-Bridging-Header.h";
				SWIFT_VERSION = 4.0;
				TARGETED_DEVICE_FAMILY = "1,2";
			};
			name = Debug;
		};
		0A6888C7207AEE2B00BBA29F /* Release */ = {
			isa = XCBuildConfiguration;
			buildSettings = {
				ASSETCATALOG_COMPILER_APPICON_NAME = AppIcon;
				CODE_SIGN_STYLE = Automatic;
				DEVELOPMENT_TEAM = X6XFU66KA9;
				FRAMEWORK_SEARCH_PATHS = (
					"$(inherited)",
					"$(PROJECT_DIR)/Spotify-iOS-Swift-Future/Frameworks",
				);
				INFOPLIST_FILE = "Spotify-iOS-Swift-Future/Supporting Files/Info.plist";
				LD_RUNPATH_SEARCH_PATHS = "$(inherited) @executable_path/Frameworks";
				OTHER_LDFLAGS = "-ObjC";
				PRODUCT_BUNDLE_IDENTIFIER = com.onlyfuture;
				PRODUCT_NAME = "$(TARGET_NAME)";
				SWIFT_OBJC_BRIDGING_HEADER = "Spotify-iOS-Swift-Future-Bridging-Header.h";
				SWIFT_VERSION = 4.0;
				TARGETED_DEVICE_FAMILY = "1,2";
			};
			name = Release;
		};
		0A6888C9207AEE2B00BBA29F /* Debug */ = {
			isa = XCBuildConfiguration;
			buildSettings = {
				ALWAYS_EMBED_SWIFT_STANDARD_LIBRARIES = YES;
				BUNDLE_LOADER = "$(TEST_HOST)";
				CODE_SIGN_STYLE = Automatic;
				INFOPLIST_FILE = "Spotify-iOS-Swift-FutureTests/Info.plist";
				LD_RUNPATH_SEARCH_PATHS = "$(inherited) @executable_path/Frameworks @loader_path/Frameworks";
				PRODUCT_BUNDLE_IDENTIFIER = "FFR.Spotify-iOS-Swift-FutureTests";
				PRODUCT_NAME = "$(TARGET_NAME)";
				SWIFT_VERSION = 4.0;
				TARGETED_DEVICE_FAMILY = "1,2";
				TEST_HOST = "$(BUILT_PRODUCTS_DIR)/Spotify-iOS-Swift-Future.app/Spotify-iOS-Swift-Future";
			};
			name = Debug;
		};
		0A6888CA207AEE2B00BBA29F /* Release */ = {
			isa = XCBuildConfiguration;
			buildSettings = {
				ALWAYS_EMBED_SWIFT_STANDARD_LIBRARIES = YES;
				BUNDLE_LOADER = "$(TEST_HOST)";
				CODE_SIGN_STYLE = Automatic;
				INFOPLIST_FILE = "Spotify-iOS-Swift-FutureTests/Info.plist";
				LD_RUNPATH_SEARCH_PATHS = "$(inherited) @executable_path/Frameworks @loader_path/Frameworks";
				PRODUCT_BUNDLE_IDENTIFIER = "FFR.Spotify-iOS-Swift-FutureTests";
				PRODUCT_NAME = "$(TARGET_NAME)";
				SWIFT_VERSION = 4.0;
				TARGETED_DEVICE_FAMILY = "1,2";
				TEST_HOST = "$(BUILT_PRODUCTS_DIR)/Spotify-iOS-Swift-Future.app/Spotify-iOS-Swift-Future";
			};
			name = Release;
		};
/* End XCBuildConfiguration section */

/* Begin XCConfigurationList section */
		0A6888A3207AEE2B00BBA29F /* Build configuration list for PBXProject "Spotify-iOS-Swift-Future" */ = {
			isa = XCConfigurationList;
			buildConfigurations = (
				0A6888C3207AEE2B00BBA29F /* Debug */,
				0A6888C4207AEE2B00BBA29F /* Release */,
			);
			defaultConfigurationIsVisible = 0;
			defaultConfigurationName = Release;
		};
		0A6888C5207AEE2B00BBA29F /* Build configuration list for PBXNativeTarget "Spotify-iOS-Swift-Future" */ = {
			isa = XCConfigurationList;
			buildConfigurations = (
				0A6888C6207AEE2B00BBA29F /* Debug */,
				0A6888C7207AEE2B00BBA29F /* Release */,
			);
			defaultConfigurationIsVisible = 0;
			defaultConfigurationName = Release;
		};
		0A6888C8207AEE2B00BBA29F /* Build configuration list for PBXNativeTarget "Spotify-iOS-Swift-FutureTests" */ = {
			isa = XCConfigurationList;
			buildConfigurations = (
				0A6888C9207AEE2B00BBA29F /* Debug */,
				0A6888CA207AEE2B00BBA29F /* Release */,
			);
			defaultConfigurationIsVisible = 0;
			defaultConfigurationName = Release;
		};
/* End XCConfigurationList section */
	};
	rootObject = 0A6888A0207AEE2B00BBA29F /* Project object */;
}
